
Microsoft Visual Studio Solution File, Format Version 12.00
# Visual Studio Version 16
VisualStudioVersion = 16.0.30204.135
MinimumVisualStudioVersion = 10.0.40219.1
Project("{2150E333-8FDC-42A3-9474-1A3956D46DE8}") = "Data", "Data", "{C398FF77-1195-487B-BA6C-7AF8011710BD}"
EndProject
Project("{2150E333-8FDC-42A3-9474-1A3956D46DE8}") = "BusinessRules", "BusinessRules", "{5C6CA299-6E4A-40EF-9BD5-F1864D0B0E0A}"
EndProject
Project("{2150E333-8FDC-42A3-9474-1A3956D46DE8}") = "Web", "Web", "{D8786A5C-93B7-44E3-A917-989CF67FD0D5}"
EndProject
Project("{9A19103F-16F7-4668-BE54-9A1E7A4F7556}") = "Musicalog.BusinessRules", "BusinessRules\Musicalog.BusinessRules\Musicalog.BusinessRules.csproj", "{8CB0FCBD-8FAB-4025-A8D2-6F9E3A136247}"
EndProject
Project("{9A19103F-16F7-4668-BE54-9A1E7A4F7556}") = "Musicalog.Data", "Data\Musicalog.Data\Musicalog.Data.csproj", "{12BA28D7-5C48-461E-9FE6-008C7F3561A8}"
EndProject
Project("{9A19103F-16F7-4668-BE54-9A1E7A4F7556}") = "Musicalog.Entity", "Data\Musicalog.Entity\Musicalog.Entity.csproj", "{E226D616-EBA6-4689-BBE5-6C51734B3AD7}"
EndProject
Project("{FAE04EC0-301F-11D3-BF4B-00C04F79EFBC}") = "Musicalog.WebApi", "Web\Musicalog.WebApi\Musicalog.WebApi.csproj", "{CD800307-7599-43EE-A377-A5BFA92B7496}"
EndProject
Project("{FAE04EC0-301F-11D3-BF4B-00C04F79EFBC}") = "Musicalog.MVC", "Web\Musicalog.MVC\Musicalog.MVC.csproj", "{5165EAF7-60B3-4B30-B073-DD3D946E4166}"
EndProject
Global
	GlobalSection(SolutionConfigurationPlatforms) = preSolution
		Debug|Any CPU = Debug|Any CPU
		Release|Any CPU = Release|Any CPU
	EndGlobalSection
	GlobalSection(ProjectConfigurationPlatforms) = postSolution
		{8CB0FCBD-8FAB-4025-A8D2-6F9E3A136247}.Debug|Any CPU.ActiveCfg = Debug|Any CPU
		{8CB0FCBD-8FAB-4025-A8D2-6F9E3A136247}.Debug|Any CPU.Build.0 = Debug|Any CPU
		{8CB0FCBD-8FAB-4025-A8D2-6F9E3A136247}.Release|Any CPU.ActiveCfg = Release|Any CPU
		{8CB0FCBD-8FAB-4025-A8D2-6F9E3A136247}.Release|Any CPU.Build.0 = Release|Any CPU
		{12BA28D7-5C48-461E-9FE6-008C7F3561A8}.Debug|Any CPU.ActiveCfg = Debug|Any CPU
		{12BA28D7-5C48-461E-9FE6-008C7F3561A8}.Debug|Any CPU.Build.0 = Debug|Any CPU
		{12BA28D7-5C48-461E-9FE6-008C7F3561A8}.Release|Any CPU.ActiveCfg = Release|Any CPU
		{12BA28D7-5C48-461E-9FE6-008C7F3561A8}.Release|Any CPU.Build.0 = Release|Any CPU
		{E226D616-EBA6-4689-BBE5-6C51734B3AD7}.Debug|Any CPU.ActiveCfg = Debug|Any CPU
		{E226D616-EBA6-4689-BBE5-6C51734B3AD7}.Debug|Any CPU.Build.0 = Debug|Any CPU
		{E226D616-EBA6-4689-BBE5-6C51734B3AD7}.Release|Any CPU.ActiveCfg = Release|Any CPU
		{E226D616-EBA6-4689-BBE5-6C51734B3AD7}.Release|Any CPU.Build.0 = Release|Any CPU
		{CD800307-7599-43EE-A377-A5BFA92B7496}.Debug|Any CPU.ActiveCfg = Debug|Any CPU
		{CD800307-7599-43EE-A377-A5BFA92B7496}.Debug|Any CPU.Build.0 = Debug|Any CPU
		{CD800307-7599-43EE-A377-A5BFA92B7496}.Release|Any CPU.ActiveCfg = Release|Any CPU
		{CD800307-7599-43EE-A377-A5BFA92B7496}.Release|Any CPU.Build.0 = Release|Any CPU
		{5165EAF7-60B3-4B30-B073-DD3D946E4166}.Debug|Any CPU.ActiveCfg = Debug|Any CPU
		{5165EAF7-60B3-4B30-B073-DD3D946E4166}.Debug|Any CPU.Build.0 = Debug|Any CPU
		{5165EAF7-60B3-4B30-B073-DD3D946E4166}.Release|Any CPU.ActiveCfg = Release|Any CPU
		{5165EAF7-60B3-4B30-B073-DD3D946E4166}.Release|Any CPU.Build.0 = Release|Any CPU
	EndGlobalSection
	GlobalSection(SolutionProperties) = preSolution
		HideSolutionNode = FALSE
	EndGlobalSection
	GlobalSection(NestedProjects) = preSolution
		{8CB0FCBD-8FAB-4025-A8D2-6F9E3A136247} = {5C6CA299-6E4A-40EF-9BD5-F1864D0B0E0A}
		{12BA28D7-5C48-461E-9FE6-008C7F3561A8} = {C398FF77-1195-487B-BA6C-7AF8011710BD}
		{E226D616-EBA6-4689-BBE5-6C51734B3AD7} = {C398FF77-1195-487B-BA6C-7AF8011710BD}
		{CD800307-7599-43EE-A377-A5BFA92B7496} = {D8786A5C-93B7-44E3-A917-989CF67FD0D5}
		{5165EAF7-60B3-4B30-B073-DD3D946E4166} = {D8786A5C-93B7-44E3-A917-989CF67FD0D5}
	EndGlobalSection
	GlobalSection(ExtensibilityGlobals) = postSolution
		SolutionGuid = {7EE653BC-12F9-4A57-894F-1363D3EFD250}
	EndGlobalSection
EndGlobal
